
Microsoft Visual Studio Solution File, Format Version 12.00
# Visual Studio Version 17
VisualStudioVersion = 17.7.34221.43
MinimumVisualStudioVersion = 10.0.40219.1
Project("{FAE04EC0-301F-11D3-BF4B-00C04F79EFBC}") = "StrategyPattern", "ConsoleApp1\StrategyPattern.csproj", "{93873AF2-3786-4334-9E89-75DFCDA099C5}"
EndProject
Global
	GlobalSection(SolutionConfigurationPlatforms) = preSolution
		Debug|Any CPU = Debug|Any CPU
		Release|Any CPU = Release|Any CPU
	EndGlobalSection
	GlobalSection(ProjectConfigurationPlatforms) = postSolution
		{93873AF2-3786-4334-9E89-75DFCDA099C5}.Debug|Any CPU.ActiveCfg = Debug|Any CPU
		{93873AF2-3786-4334-9E89-75DFCDA099C5}.Debug|Any CPU.Build.0 = Debug|Any CPU
		{93873AF2-3786-4334-9E89-75DFCDA099C5}.Release|Any CPU.ActiveCfg = Release|Any CPU
		{93873AF2-3786-4334-9E89-75DFCDA099C5}.Release|Any CPU.Build.0 = Release|Any CPU
	EndGlobalSection
	GlobalSection(SolutionProperties) = preSolution
		HideSolutionNode = FALSE
	EndGlobalSection
	GlobalSection(ExtensibilityGlobals) = postSolution
		SolutionGuid = {3BFB7735-08F0-4777-97C0-0438E8B1B76E}
	EndGlobalSection
EndGlobal
